
Microsoft Visual Studio Solution File, Format Version 12.00
# Visual Studio Version 16
VisualStudioVersion = 16.0.31205.134
MinimumVisualStudioVersion = 10.0.40219.1
Project("{FAE04EC0-301F-11D3-BF4B-00C04F79EFBC}") = "Steam Server Browser", "Steam Server Browser\Steam Server Browser.csproj", "{828A91A5-F39F-4397-82C4-63141319CF1E}"
EndProject
Global
	GlobalSection(SolutionConfigurationPlatforms) = preSolution
		Debug|Any CPU = Debug|Any CPU
		Release|Any CPU = Release|Any CPU
	EndGlobalSection
	GlobalSection(ProjectConfigurationPlatforms) = postSolution
		{828A91A5-F39F-4397-82C4-63141319CF1E}.Debug|Any CPU.ActiveCfg = Debug|Any CPU
		{828A91A5-F39F-4397-82C4-63141319CF1E}.Debug|Any CPU.Build.0 = Debug|Any CPU
		{828A91A5-F39F-4397-82C4-63141319CF1E}.Release|Any CPU.ActiveCfg = Release|Any CPU
		{828A91A5-F39F-4397-82C4-63141319CF1E}.Release|Any CPU.Build.0 = Release|Any CPU
	EndGlobalSection
	GlobalSection(SolutionProperties) = preSolution
		HideSolutionNode = FALSE
	EndGlobalSection
	GlobalSection(ExtensibilityGlobals) = postSolution
		SolutionGuid = {998259CC-D2C7-4FCD-96BF-3823E7311DB2}
	EndGlobalSection
EndGlobal
